# THIS IS AN AUTOGENERATED FILE. DO NOT EDIT THIS FILE DIRECTLY.
# yarn lockfile v1


"@types/json-bigint@^1.0.4":
  version "1.0.4"
  resolved "https://registry.yarnpkg.com/@types/json-bigint/-/json-bigint-1.0.4.tgz#250d29e593375499d8ba6efaab22d094c3199ef3"
  integrity sha512-ydHooXLbOmxBbubnA7Eh+RpBzuaIiQjh8WGJYQB50JFGFrdxW7JzVlyEV7fAXw0T2sqJ1ysTneJbiyNLqZRAag==

"@types/pako@^2.0.3":
  version "2.0.3"
  resolved "https://registry.yarnpkg.com/@types/pako/-/pako-2.0.3.tgz#b6993334f3af27c158f3fe0dfeeba987c578afb1"
  integrity sha512-bq0hMV9opAcrmE0Byyo0fY3Ew4tgOevJmQ9grUhpXQhYfyLJ1Kqg3P33JT5fdbT2AjeAjR51zqqVjAL/HMkx7Q==

bignumber.js@^9.0.0:
  version "9.1.2"
  resolved "https://registry.yarnpkg.com/bignumber.js/-/bignumber.js-9.1.2.tgz#b7c4242259c008903b13707983b5f4bbd31eda0c"
  integrity sha512-2/mKyZH9K85bzOEfhXDBFZTGd1CTs+5IHpeFQo9luiBG7hghdC851Pj2WAhb6E3R6b9tZj/XKhbg4fum+Kepug==

json-bigint@^1.0.0:
  version "1.0.0"
  resolved "https://registry.yarnpkg.com/json-bigint/-/json-bigint-1.0.0.tgz#ae547823ac0cad8398667f8cd9ef4730f5b01ff1"
  integrity sha512-SiPv/8VpZuWbvLSMtTDU8hEfrZWg/mH/nV/b4o0CYbSxu1UIQPLdwKOCIyLQX+VIPO5vrLX3i8qtqFyhdPSUSQ==
  dependencies:
    bignumber.js "^9.0.0"

pako@^2.1.0:
  version "2.1.0"
  resolved "https://registry.yarnpkg.com/pako/-/pako-2.1.0.tgz#266cc37f98c7d883545d11335c00fbd4062c9a86"
  integrity sha512-w+eufiZ1WuJYgPXbV/PO3NCMEc3xqylkKHzp8bxp1uW4qaSNQUkwmLLEc3kKsfz8lpV1F8Ht3U1Cm+9Srog2ug==

typescript@^5.5.4:
  version "5.7.2"
  resolved "https://registry.yarnpkg.com/typescript/-/typescript-5.7.2.tgz#3169cf8c4c8a828cde53ba9ecb3d2b1d5dd67be6"
  integrity sha512-i5t66RHxDvVN40HfDd1PsEThGNnlMCMT3jMUuoh9/0TaqWevNontacunWyN02LA9/fIbEWlcHZcgTKb9QoaLfg==
